# THIS IS AN AUTOGENERATED FILE. DO NOT EDIT THIS FILE DIRECTLY.
# yarn lockfile v1


slugify@^1.4.5:
  version "1.4.5"
  resolved "https://registry.yarnpkg.com/slugify/-/slugify-1.4.5.tgz#a7517acf5f4c02a4df41e735354b660a4ed1efcf"
  integrity sha512-WpECLAgYaxHoEAJ8Q1Lo8HOs1ngn7LN7QjXgOLbmmfkcWvosyk4ZTXkTzKyhngK640USTZUlgoQJfED1kz5fnQ==
